// !$*UTF8*$!
{
	archiveVersion = 1;
	classes = {
	};
	objectVersion = 46;
	objects = {

/* Begin PBXBuildFile section */
		B67CCFAE1E9C0CF4001A9349 /* MapKit.framework in Frameworks */ = {isa = PBXBuildFile; fileRef = B67CCFAD1E9C0CF4001A9349 /* MapKit.framework */; };
		B6DC37311ECC869400CEDBB1 /* AppDelegate.swift in Sources */ = {isa = PBXBuildFile; fileRef = B6DC372E1ECC869400CEDBB1 /* AppDelegate.swift */; };
		B6DC37321ECC869400CEDBB1 /* Assets.xcassets in Resources */ = {isa = PBXBuildFile; fileRef = B6DC372F1ECC869400CEDBB1 /* Assets.xcassets */; };
		B6DC37331ECC869400CEDBB1 /* Info.plist in Resources */ = {isa = PBXBuildFile; fileRef = B6DC37301ECC869400CEDBB1 /* Info.plist */; };
		B6E9B19B1ECC843A00D5628C /* LaunchScreen.storyboard in Resources */ = {isa = PBXBuildFile; fileRef = B6E9B1971ECC843A00D5628C /* LaunchScreen.storyboard */; };
		B6E9B19C1ECC843A00D5628C /* Main.storyboard in Resources */ = {isa = PBXBuildFile; fileRef = B6E9B1981ECC843A00D5628C /* Main.storyboard */; };
		B6E9B19D1ECC843A00D5628C /* PartnerCell.swift in Sources */ = {isa = PBXBuildFile; fileRef = B6E9B1991ECC843A00D5628C /* PartnerCell.swift */; };
		B6E9B19E1ECC843A00D5628C /* SpeakerCell.swift in Sources */ = {isa = PBXBuildFile; fileRef = B6E9B19A1ECC843A00D5628C /* SpeakerCell.swift */; };
		B6E9B1A11ECC845700D5628C /* Partner.swift in Sources */ = {isa = PBXBuildFile; fileRef = B6E9B19F1ECC845700D5628C /* Partner.swift */; };
		B6E9B1A21ECC845700D5628C /* Person.swift in Sources */ = {isa = PBXBuildFile; fileRef = B6E9B1A01ECC845700D5628C /* Person.swift */; };
		B6E9B1A91ECC849100D5628C /* InfoViewController.swift in Sources */ = {isa = PBXBuildFile; fileRef = B6E9B1A41ECC849100D5628C /* InfoViewController.swift */; };
		B6E9B1AA1ECC849100D5628C /* PartnerViewController.swift in Sources */ = {isa = PBXBuildFile; fileRef = B6E9B1A51ECC849100D5628C /* PartnerViewController.swift */; };
		B6E9B1AB1ECC849100D5628C /* SpeakerDetailViewController.swift in Sources */ = {isa = PBXBuildFile; fileRef = B6E9B1A61ECC849100D5628C /* SpeakerDetailViewController.swift */; };
		B6E9B1AC1ECC849100D5628C /* SpeakerViewController.swift in Sources */ = {isa = PBXBuildFile; fileRef = B6E9B1A71ECC849100D5628C /* SpeakerViewController.swift */; };
		B6E9B1AD1ECC849100D5628C /* VideosViewController.swift in Sources */ = {isa = PBXBuildFile; fileRef = B6E9B1A81ECC849100D5628C /* VideosViewController.swift */; };
		B6E9B1B01ECC84B300D5628C /* UIViewExtension.swift in Sources */ = {isa = PBXBuildFile; fileRef = B6E9B1AF1ECC84B300D5628C /* UIViewExtension.swift */; };
		C06E3D6DB4FCDB70AB99946C /* Pods_BragancaTechDay2017.framework in Frameworks */ = {isa = PBXBuildFile; fileRef = C291CAB8C9CBCBF3AEBF2C05 /* Pods_BragancaTechDay2017.framework */; };
/* End PBXBuildFile section */

/* Begin PBXFileReference section */
		094DC182C01B552ED3E15BE5 /* Pods-BragancaTechDay2017.debug.xcconfig */ = {isa = PBXFileReference; includeInIndex = 1; lastKnownFileType = text.xcconfig; name = "Pods-BragancaTechDay2017.debug.xcconfig"; path = "Pods/Target Support Files/Pods-BragancaTechDay2017/Pods-BragancaTechDay2017.debug.xcconfig"; sourceTree = "<group>"; };
		188EDB8FE4D0DF0AF155B203 /* Pods-BragancaTechDay2017.release.xcconfig */ = {isa = PBXFileReference; includeInIndex = 1; lastKnownFileType = text.xcconfig; name = "Pods-BragancaTechDay2017.release.xcconfig"; path = "Pods/Target Support Files/Pods-BragancaTechDay2017/Pods-BragancaTechDay2017.release.xcconfig"; sourceTree = "<group>"; };
		B67CCFAD1E9C0CF4001A9349 /* MapKit.framework */ = {isa = PBXFileReference; lastKnownFileType = wrapper.framework; name = MapKit.framework; path = System/Library/Frameworks/MapKit.framework; sourceTree = SDKROOT; };
		B6838C591E93D2BD009FD621 /* BragancaTechDay2017.app */ = {isa = PBXFileReference; explicitFileType = wrapper.application; includeInIndex = 0; path = BragancaTechDay2017.app; sourceTree = BUILT_PRODUCTS_DIR; };
		B6DC372E1ECC869400CEDBB1 /* AppDelegate.swift */ = {isa = PBXFileReference; fileEncoding = 4; lastKnownFileType = sourcecode.swift; name = AppDelegate.swift; path = BragancaTechDay2017/AppDelegate.swift; sourceTree = "<group>"; };
		B6DC372F1ECC869400CEDBB1 /* Assets.xcassets */ = {isa = PBXFileReference; lastKnownFileType = folder.assetcatalog; name = Assets.xcassets; path = BragancaTechDay2017/Assets.xcassets; sourceTree = "<group>"; };
		B6DC37301ECC869400CEDBB1 /* Info.plist */ = {isa = PBXFileReference; fileEncoding = 4; lastKnownFileType = text.plist.xml; name = Info.plist; path = BragancaTechDay2017/Info.plist; sourceTree = "<group>"; };
		B6E9B1971ECC843A00D5628C /* LaunchScreen.storyboard */ = {isa = PBXFileReference; fileEncoding = 4; lastKnownFileType = file.storyboard; name = LaunchScreen.storyboard; path = BragancaTechDay2017/View/LaunchScreen.storyboard; sourceTree = "<group>"; };
		B6E9B1981ECC843A00D5628C /* Main.storyboard */ = {isa = PBXFileReference; fileEncoding = 4; lastKnownFileType = file.storyboard; name = Main.storyboard; path = BragancaTechDay2017/View/Main.storyboard; sourceTree = "<group>"; };
		B6E9B1991ECC843A00D5628C /* PartnerCell.swift */ = {isa = PBXFileReference; fileEncoding = 4; lastKnownFileType = sourcecode.swift; name = PartnerCell.swift; path = BragancaTechDay2017/View/PartnerCell.swift; sourceTree = "<group>"; };
		B6E9B19A1ECC843A00D5628C /* SpeakerCell.swift */ = {isa = PBXFileReference; fileEncoding = 4; lastKnownFileType = sourcecode.swift; name = SpeakerCell.swift; path = BragancaTechDay2017/View/SpeakerCell.swift; sourceTree = "<group>"; };
		B6E9B19F1ECC845700D5628C /* Partner.swift */ = {isa = PBXFileReference; fileEncoding = 4; lastKnownFileType = sourcecode.swift; name = Partner.swift; path = BragancaTechDay2017/Model/Partner.swift; sourceTree = "<group>"; };
		B6E9B1A01ECC845700D5628C /* Person.swift */ = {isa = PBXFileReference; fileEncoding = 4; lastKnownFileType = sourcecode.swift; name = Person.swift; path = BragancaTechDay2017/Model/Person.swift; sourceTree = "<group>"; };
		B6E9B1A41ECC849100D5628C /* InfoViewController.swift */ = {isa = PBXFileReference; fileEncoding = 4; lastKnownFileType = sourcecode.swift; name = InfoViewController.swift; path = BragancaTechDay2017/Controllers/InfoViewController.swift; sourceTree = "<group>"; };
		B6E9B1A51ECC849100D5628C /* PartnerViewController.swift */ = {isa = PBXFileReference; fileEncoding = 4; lastKnownFileType = sourcecode.swift; name = PartnerViewController.swift; path = BragancaTechDay2017/Controllers/PartnerViewController.swift; sourceTree = "<group>"; };
		B6E9B1A61ECC849100D5628C /* SpeakerDetailViewController.swift */ = {isa = PBXFileReference; fileEncoding = 4; lastKnownFileType = sourcecode.swift; name = SpeakerDetailViewController.swift; path = BragancaTechDay2017/Controllers/SpeakerDetailViewController.swift; sourceTree = "<group>"; };
		B6E9B1A71ECC849100D5628C /* SpeakerViewController.swift */ = {isa = PBXFileReference; fileEncoding = 4; lastKnownFileType = sourcecode.swift; name = SpeakerViewController.swift; path = BragancaTechDay2017/Controllers/SpeakerViewController.swift; sourceTree = "<group>"; };
		B6E9B1A81ECC849100D5628C /* VideosViewController.swift */ = {isa = PBXFileReference; fileEncoding = 4; lastKnownFileType = sourcecode.swift; name = VideosViewController.swift; path = BragancaTechDay2017/Controllers/VideosViewController.swift; sourceTree = "<group>"; };
		B6E9B1AF1ECC84B300D5628C /* UIViewExtension.swift */ = {isa = PBXFileReference; fileEncoding = 4; lastKnownFileType = sourcecode.swift; name = UIViewExtension.swift; path = BragancaTechDay2017/Controllers/Extension/UIViewExtension.swift; sourceTree = "<group>"; };
		C291CAB8C9CBCBF3AEBF2C05 /* Pods_BragancaTechDay2017.framework */ = {isa = PBXFileReference; explicitFileType = wrapper.framework; includeInIndex = 0; path = Pods_BragancaTechDay2017.framework; sourceTree = BUILT_PRODUCTS_DIR; };
/* End PBXFileReference section */

/* Begin PBXFrameworksBuildPhase section */
		B6838C561E93D2BD009FD621 /* Frameworks */ = {
			isa = PBXFrameworksBuildPhase;
			buildActionMask = 2147483647;
			files = (
				B67CCFAE1E9C0CF4001A9349 /* MapKit.framework in Frameworks */,
				C06E3D6DB4FCDB70AB99946C /* Pods_BragancaTechDay2017.framework in Frameworks */,
			);
			runOnlyForDeploymentPostprocessing = 0;
		};
/* End PBXFrameworksBuildPhase section */

/* Begin PBXGroup section */
		4B15B9EF43841A2FBCA246D2 /* Frameworks */ = {
			isa = PBXGroup;
			children = (
				B67CCFAD1E9C0CF4001A9349 /* MapKit.framework */,
				C291CAB8C9CBCBF3AEBF2C05 /* Pods_BragancaTechDay2017.framework */,
			);
			name = Frameworks;
			sourceTree = "<group>";
		};
		54C43CC30A0D75FD3622CC2C /* Pods */ = {
			isa = PBXGroup;
			children = (
				094DC182C01B552ED3E15BE5 /* Pods-BragancaTechDay2017.debug.xcconfig */,
				188EDB8FE4D0DF0AF155B203 /* Pods-BragancaTechDay2017.release.xcconfig */,
			);
			name = Pods;
			sourceTree = "<group>";
		};
		B6838C501E93D2BD009FD621 = {
			isa = PBXGroup;
			children = (
				B6DC372D1ECC85AE00CEDBB1 /* BragancaTechDay2017 */,
				B6838C5A1E93D2BD009FD621 /* Products */,
				54C43CC30A0D75FD3622CC2C /* Pods */,
				4B15B9EF43841A2FBCA246D2 /* Frameworks */,
			);
			sourceTree = "<group>";
		};
		B6838C5A1E93D2BD009FD621 /* Products */ = {
			isa = PBXGroup;
			children = (
				B6838C591E93D2BD009FD621 /* BragancaTechDay2017.app */,
			);
			name = Products;
			sourceTree = "<group>";
		};
		B6DC372D1ECC85AE00CEDBB1 /* BragancaTechDay2017 */ = {
			isa = PBXGroup;
			children = (
				B6DC372E1ECC869400CEDBB1 /* AppDelegate.swift */,
				B6E9B1931ECC833B00D5628C /* Application */,
				B6DC372F1ECC869400CEDBB1 /* Assets.xcassets */,
				B6DC37301ECC869400CEDBB1 /* Info.plist */,
			);
			name = BragancaTechDay2017;
			sourceTree = "<group>";
		};
		B6E9B1931ECC833B00D5628C /* Application */ = {
			isa = PBXGroup;
			children = (
				B6E9B1941ECC83F300D5628C /* View */,
				B6E9B1961ECC840600D5628C /* Model */,
				B6E9B1951ECC83FE00D5628C /* Controller */,
			);
			name = Application;
			sourceTree = "<group>";
		};
		B6E9B1941ECC83F300D5628C /* View */ = {
			isa = PBXGroup;
			children = (
				B6E9B1971ECC843A00D5628C /* LaunchScreen.storyboard */,
				B6E9B1981ECC843A00D5628C /* Main.storyboard */,
				B6E9B1991ECC843A00D5628C /* PartnerCell.swift */,
				B6E9B19A1ECC843A00D5628C /* SpeakerCell.swift */,
			);
			name = View;
			sourceTree = "<group>";
		};
		B6E9B1951ECC83FE00D5628C /* Controller */ = {
			isa = PBXGroup;
			children = (
				B6E9B1AE1ECC849600D5628C /* Extension */,
				B6E9B1A41ECC849100D5628C /* InfoViewController.swift */,
				B6E9B1A51ECC849100D5628C /* PartnerViewController.swift */,
				B6E9B1A61ECC849100D5628C /* SpeakerDetailViewController.swift */,
				B6E9B1A71ECC849100D5628C /* SpeakerViewController.swift */,
				B6E9B1A81ECC849100D5628C /* VideosViewController.swift */,
			);
			name = Controller;
			sourceTree = "<group>";
		};
		B6E9B1961ECC840600D5628C /* Model */ = {
			isa = PBXGroup;
			children = (
				B6E9B1A31ECC845D00D5628C /* Extension */,
				B6E9B19F1ECC845700D5628C /* Partner.swift */,
				B6E9B1A01ECC845700D5628C /* Person.swift */,
			);
			name = Model;
			sourceTree = "<group>";
		};
		B6E9B1A31ECC845D00D5628C /* Extension */ = {
			isa = PBXGroup;
			children = (
			);
			name = Extension;
			sourceTree = "<group>";
		};
		B6E9B1AE1ECC849600D5628C /* Extension */ = {
			isa = PBXGroup;
			children = (
				B6E9B1AF1ECC84B300D5628C /* UIViewExtension.swift */,
			);
			name = Extension;
			sourceTree = "<group>";
		};
/* End PBXGroup section */

/* Begin PBXNativeTarget section */
		B6838C581E93D2BD009FD621 /* BragancaTechDay2017 */ = {
			isa = PBXNativeTarget;
			buildConfigurationList = B6838C6B1E93D2BD009FD621 /* Build configuration list for PBXNativeTarget "BragancaTechDay2017" */;
			buildPhases = (
				80CFD53EA549496F53E19686 /* [CP] Check Pods Manifest.lock */,
				B6838C551E93D2BD009FD621 /* Sources */,
				B6838C561E93D2BD009FD621 /* Frameworks */,
				B6838C571E93D2BD009FD621 /* Resources */,
				620E4E6891E7B7B5169C423B /* [CP] Embed Pods Frameworks */,
				878370A5ECF2F041046367ED /* [CP] Copy Pods Resources */,
			);
			buildRules = (
			);
			dependencies = (
			);
			name = BragancaTechDay2017;
			productName = BragancaTechDay2017;
			productReference = B6838C591E93D2BD009FD621 /* BragancaTechDay2017.app */;
			productType = "com.apple.product-type.application";
		};
/* End PBXNativeTarget section */

/* Begin PBXProject section */
		B6838C511E93D2BD009FD621 /* Project object */ = {
			isa = PBXProject;
			attributes = {
				LastSwiftUpdateCheck = 0820;
				LastUpgradeCheck = 0820;
				ORGANIZATIONNAME = "Mauro André Barros Mazzola";
				TargetAttributes = {
					B6838C581E93D2BD009FD621 = {
						CreatedOnToolsVersion = 8.2.1;
						DevelopmentTeam = 745V2GUZMT;
						LastSwiftMigration = 0820;
						ProvisioningStyle = Automatic;
						SystemCapabilities = {
							com.apple.Maps.iOS = {
								enabled = 1;
							};
						};
					};
				};
			};
			buildConfigurationList = B6838C541E93D2BD009FD621 /* Build configuration list for PBXProject "BragancaTechDay2017" */;
			compatibilityVersion = "Xcode 3.2";
			developmentRegion = English;
			hasScannedForEncodings = 0;
			knownRegions = (
				en,
				Base,
			);
			mainGroup = B6838C501E93D2BD009FD621;
			productRefGroup = B6838C5A1E93D2BD009FD621 /* Products */;
			projectDirPath = "";
			projectRoot = "";
			targets = (
				B6838C581E93D2BD009FD621 /* BragancaTechDay2017 */,
			);
		};
/* End PBXProject section */

/* Begin PBXResourcesBuildPhase section */
		B6838C571E93D2BD009FD621 /* Resources */ = {
			isa = PBXResourcesBuildPhase;
			buildActionMask = 2147483647;
			files = (
				B6DC37331ECC869400CEDBB1 /* Info.plist in Resources */,
				B6E9B19B1ECC843A00D5628C /* LaunchScreen.storyboard in Resources */,
				B6DC37321ECC869400CEDBB1 /* Assets.xcassets in Resources */,
				B6E9B19C1ECC843A00D5628C /* Main.storyboard in Resources */,
			);
			runOnlyForDeploymentPostprocessing = 0;
		};
/* End PBXResourcesBuildPhase section */

/* Begin PBXShellScriptBuildPhase section */
		620E4E6891E7B7B5169C423B /* [CP] Embed Pods Frameworks */ = {
			isa = PBXShellScriptBuildPhase;
			buildActionMask = 2147483647;
			files = (
			);
			inputPaths = (
			);
			name = "[CP] Embed Pods Frameworks";
			outputPaths = (
			);
			runOnlyForDeploymentPostprocessing = 0;
			shellPath = /bin/sh;
			shellScript = "\"${SRCROOT}/Pods/Target Support Files/Pods-BragancaTechDay2017/Pods-BragancaTechDay2017-frameworks.sh\"\n";
			showEnvVarsInLog = 0;
		};
		80CFD53EA549496F53E19686 /* [CP] Check Pods Manifest.lock */ = {
			isa = PBXShellScriptBuildPhase;
			buildActionMask = 2147483647;
			files = (
			);
			inputPaths = (
			);
			name = "[CP] Check Pods Manifest.lock";
			outputPaths = (
			);
			runOnlyForDeploymentPostprocessing = 0;
			shellPath = /bin/sh;
			shellScript = "diff \"${PODS_ROOT}/../Podfile.lock\" \"${PODS_ROOT}/Manifest.lock\" > /dev/null\nif [ $? != 0 ] ; then\n    # print error to STDERR\n    echo \"error: The sandbox is not in sync with the Podfile.lock. Run 'pod install' or update your CocoaPods installation.\" >&2\n    exit 1\nfi\n";
			showEnvVarsInLog = 0;
		};
		878370A5ECF2F041046367ED /* [CP] Copy Pods Resources */ = {
			isa = PBXShellScriptBuildPhase;
			buildActionMask = 2147483647;
			files = (
			);
			inputPaths = (
			);
			name = "[CP] Copy Pods Resources";
			outputPaths = (
			);
			runOnlyForDeploymentPostprocessing = 0;
			shellPath = /bin/sh;
			shellScript = "\"${SRCROOT}/Pods/Target Support Files/Pods-BragancaTechDay2017/Pods-BragancaTechDay2017-resources.sh\"\n";
			showEnvVarsInLog = 0;
		};
/* End PBXShellScriptBuildPhase section */

/* Begin PBXSourcesBuildPhase section */
		B6838C551E93D2BD009FD621 /* Sources */ = {
			isa = PBXSourcesBuildPhase;
			buildActionMask = 2147483647;
			files = (
				B6DC37311ECC869400CEDBB1 /* AppDelegate.swift in Sources */,
				B6E9B1AD1ECC849100D5628C /* VideosViewController.swift in Sources */,
				B6E9B1A21ECC845700D5628C /* Person.swift in Sources */,
				B6E9B1B01ECC84B300D5628C /* UIViewExtension.swift in Sources */,
				B6E9B1A11ECC845700D5628C /* Partner.swift in Sources */,
				B6E9B19E1ECC843A00D5628C /* SpeakerCell.swift in Sources */,
				B6E9B1AB1ECC849100D5628C /* SpeakerDetailViewController.swift in Sources */,
				B6E9B19D1ECC843A00D5628C /* PartnerCell.swift in Sources */,
				B6E9B1A91ECC849100D5628C /* InfoViewController.swift in Sources */,
				B6E9B1AC1ECC849100D5628C /* SpeakerViewController.swift in Sources */,
				B6E9B1AA1ECC849100D5628C /* PartnerViewController.swift in Sources */,
			);
			runOnlyForDeploymentPostprocessing = 0;
		};
/* End PBXSourcesBuildPhase section */

/* Begin XCBuildConfiguration section */
		B6838C691E93D2BD009FD621 /* Debug */ = {
			isa = XCBuildConfiguration;
			buildSettings = {
				ALWAYS_SEARCH_USER_PATHS = NO;
				CLANG_ANALYZER_NONNULL = YES;
				CLANG_CXX_LANGUAGE_STANDARD = "gnu++0x";
				CLANG_CXX_LIBRARY = "libc++";
				CLANG_ENABLE_MODULES = YES;
				CLANG_ENABLE_OBJC_ARC = YES;
				CLANG_WARN_BOOL_CONVERSION = YES;
				CLANG_WARN_CONSTANT_CONVERSION = YES;
				CLANG_WARN_DIRECT_OBJC_ISA_USAGE = YES_ERROR;
				CLANG_WARN_DOCUMENTATION_COMMENTS = YES;
				CLANG_WARN_EMPTY_BODY = YES;
				CLANG_WARN_ENUM_CONVERSION = YES;
				CLANG_WARN_INFINITE_RECURSION = YES;
				CLANG_WARN_INT_CONVERSION = YES;
				CLANG_WARN_OBJC_ROOT_CLASS = YES_ERROR;
				CLANG_WARN_SUSPICIOUS_MOVE = YES;
				CLANG_WARN_UNREACHABLE_CODE = YES;
				CLANG_WARN__DUPLICATE_METHOD_MATCH = YES;
				"CODE_SIGN_IDENTITY[sdk=iphoneos*]" = "iPhone Developer";
				COPY_PHASE_STRIP = NO;
				DEBUG_INFORMATION_FORMAT = dwarf;
				ENABLE_STRICT_OBJC_MSGSEND = YES;
				ENABLE_TESTABILITY = YES;
				GCC_C_LANGUAGE_STANDARD = gnu99;
				GCC_DYNAMIC_NO_PIC = NO;
				GCC_NO_COMMON_BLOCKS = YES;
				GCC_OPTIMIZATION_LEVEL = 0;
				GCC_PREPROCESSOR_DEFINITIONS = (
					"DEBUG=1",
					"$(inherited)",
				);
				GCC_WARN_64_TO_32_BIT_CONVERSION = YES;
				GCC_WARN_ABOUT_RETURN_TYPE = YES_ERROR;
				GCC_WARN_UNDECLARED_SELECTOR = YES;
				GCC_WARN_UNINITIALIZED_AUTOS = YES_AGGRESSIVE;
				GCC_WARN_UNUSED_FUNCTION = YES;
				GCC_WARN_UNUSED_VARIABLE = YES;
				IPHONEOS_DEPLOYMENT_TARGET = 10.2;
				MTL_ENABLE_DEBUG_INFO = YES;
				ONLY_ACTIVE_ARCH = YES;
				SDKROOT = iphoneos;
				SWIFT_ACTIVE_COMPILATION_CONDITIONS = DEBUG;
				SWIFT_OPTIMIZATION_LEVEL = "-Onone";
				TARGETED_DEVICE_FAMILY = "1,2";
			};
			name = Debug;
		};
		B6838C6A1E93D2BD009FD621 /* Release */ = {
			isa = XCBuildConfiguration;
			buildSettings = {
				ALWAYS_SEARCH_USER_PATHS = NO;
				CLANG_ANALYZER_NONNULL = YES;
				CLANG_CXX_LANGUAGE_STANDARD = "gnu++0x";
				CLANG_CXX_LIBRARY = "libc++";
				CLANG_ENABLE_MODULES = YES;
				CLANG_ENABLE_OBJC_ARC = YES;
				CLANG_WARN_BOOL_CONVERSION = YES;
				CLANG_WARN_CONSTANT_CONVERSION = YES;
				CLANG_WARN_DIRECT_OBJC_ISA_USAGE = YES_ERROR;
				CLANG_WARN_DOCUMENTATION_COMMENTS = YES;
				CLANG_WARN_EMPTY_BODY = YES;
				CLANG_WARN_ENUM_CONVERSION = YES;
				CLANG_WARN_INFINITE_RECURSION = YES;
				CLANG_WARN_INT_CONVERSION = YES;
				CLANG_WARN_OBJC_ROOT_CLASS = YES_ERROR;
				CLANG_WARN_SUSPICIOUS_MOVE = YES;
				CLANG_WARN_UNREACHABLE_CODE = YES;
				CLANG_WARN__DUPLICATE_METHOD_MATCH = YES;
				"CODE_SIGN_IDENTITY[sdk=iphoneos*]" = "iPhone Developer";
				COPY_PHASE_STRIP = NO;
				DEBUG_INFORMATION_FORMAT = "dwarf-with-dsym";
				ENABLE_NS_ASSERTIONS = NO;
				ENABLE_STRICT_OBJC_MSGSEND = YES;
				GCC_C_LANGUAGE_STANDARD = gnu99;
				GCC_NO_COMMON_BLOCKS = YES;
				GCC_WARN_64_TO_32_BIT_CONVERSION = YES;
				GCC_WARN_ABOUT_RETURN_TYPE = YES_ERROR;
				GCC_WARN_UNDECLARED_SELECTOR = YES;
				GCC_WARN_UNINITIALIZED_AUTOS = YES_AGGRESSIVE;
				GCC_WARN_UNUSED_FUNCTION = YES;
				GCC_WARN_UNUSED_VARIABLE = YES;
				IPHONEOS_DEPLOYMENT_TARGET = 10.2;
				MTL_ENABLE_DEBUG_INFO = NO;
				SDKROOT = iphoneos;
				SWIFT_OPTIMIZATION_LEVEL = "-Owholemodule";
				TARGETED_DEVICE_FAMILY = "1,2";
				VALIDATE_PRODUCT = YES;
			};
			name = Release;
		};
		B6838C6C1E93D2BD009FD621 /* Debug */ = {
			isa = XCBuildConfiguration;
			baseConfigurationReference = 094DC182C01B552ED3E15BE5 /* Pods-BragancaTechDay2017.debug.xcconfig */;
			buildSettings = {
				ALWAYS_EMBED_SWIFT_STANDARD_LIBRARIES = YES;
				ASSETCATALOG_COMPILER_APPICON_NAME = AppIcon;
				CLANG_ENABLE_MODULES = YES;
				"CODE_SIGN_IDENTITY[sdk=iphoneos*]" = "iPhone Developer";
				DEVELOPMENT_TEAM = 745V2GUZMT;
				INFOPLIST_FILE = BragancaTechDay2017/Info.plist;
				LD_RUNPATH_SEARCH_PATHS = "$(inherited) @executable_path/Frameworks";
				PRODUCT_BUNDLE_IDENTIFIER = mauroandre.mazzola.BragancaTechDay2017;
				PRODUCT_NAME = "$(TARGET_NAME)";
				PROVISIONING_PROFILE = "";
				PROVISIONING_PROFILE_SPECIFIER = "";
				SWIFT_OPTIMIZATION_LEVEL = "-Onone";
				SWIFT_VERSION = 3.0;
			};
			name = Debug;
		};
		B6838C6D1E93D2BD009FD621 /* Release */ = {
			isa = XCBuildConfiguration;
			baseConfigurationReference = 188EDB8FE4D0DF0AF155B203 /* Pods-BragancaTechDay2017.release.xcconfig */;
			buildSettings = {
				ALWAYS_EMBED_SWIFT_STANDARD_LIBRARIES = YES;
				ASSETCATALOG_COMPILER_APPICON_NAME = AppIcon;
				CLANG_ENABLE_MODULES = YES;
				"CODE_SIGN_IDENTITY[sdk=iphoneos*]" = "iPhone Developer";
				DEVELOPMENT_TEAM = 745V2GUZMT;
				INFOPLIST_FILE = BragancaTechDay2017/Info.plist;
				LD_RUNPATH_SEARCH_PATHS = "$(inherited) @executable_path/Frameworks";
				PRODUCT_BUNDLE_IDENTIFIER = mauroandre.mazzola.BragancaTechDay2017;
				PRODUCT_NAME = "$(TARGET_NAME)";
				PROVISIONING_PROFILE = "";
				PROVISIONING_PROFILE_SPECIFIER = "";
				SWIFT_VERSION = 3.0;
			};
			name = Release;
		};
/* End XCBuildConfiguration section */

/* Begin XCConfigurationList section */
		B6838C541E93D2BD009FD621 /* Build configuration list for PBXProject "BragancaTechDay2017" */ = {
			isa = XCConfigurationList;
			buildConfigurations = (
				B6838C691E93D2BD009FD621 /* Debug */,
				B6838C6A1E93D2BD009FD621 /* Release */,
			);
			defaultConfigurationIsVisible = 0;
			defaultConfigurationName = Release;
		};
		B6838C6B1E93D2BD009FD621 /* Build configuration list for PBXNativeTarget "BragancaTechDay2017" */ = {
			isa = XCConfigurationList;
			buildConfigurations = (
				B6838C6C1E93D2BD009FD621 /* Debug */,
				B6838C6D1E93D2BD009FD621 /* Release */,
			);
			defaultConfigurationIsVisible = 0;
			defaultConfigurationName = Release;
		};
/* End XCConfigurationList section */
	};
	rootObject = B6838C511E93D2BD009FD621 /* Project object */;
}
